
Microsoft Visual Studio Solution File, Format Version 12.00
# Visual Studio Version 17
VisualStudioVersion = 17.14.36310.24 d17.14
MinimumVisualStudioVersion = 10.0.40219.1
Project("{FAE04EC0-301F-11D3-BF4B-00C04F79EFBC}") = "design_vian", "design_vian\design_vian.csproj", "{C9EFB252-61DA-491C-9C6C-B63EAFC859FD}"
EndProject
Global
	GlobalSection(SolutionConfigurationPlatforms) = preSolution
		Debug|Any CPU = Debug|Any CPU
		Release|Any CPU = Release|Any CPU
	EndGlobalSection
	GlobalSection(ProjectConfigurationPlatforms) = postSolution
		{C9EFB252-61DA-491C-9C6C-B63EAFC859FD}.Debug|Any CPU.ActiveCfg = Debug|Any CPU
		{C9EFB252-61DA-491C-9C6C-B63EAFC859FD}.Debug|Any CPU.Build.0 = Debug|Any CPU
		{C9EFB252-61DA-491C-9C6C-B63EAFC859FD}.Release|Any CPU.ActiveCfg = Release|Any CPU
		{C9EFB252-61DA-491C-9C6C-B63EAFC859FD}.Release|Any CPU.Build.0 = Release|Any CPU
	EndGlobalSection
	GlobalSection(SolutionProperties) = preSolution
		HideSolutionNode = FALSE
	EndGlobalSection
	GlobalSection(ExtensibilityGlobals) = postSolution
		SolutionGuid = {162D0FEE-D7DA-47CA-B890-4B9272C862DF}
	EndGlobalSection
EndGlobal
